// !$*UTF8*$!
{
	archiveVersion = 1;
	classes = {
	};
	objectVersion = 50;
	objects = {

/* Begin PBXBuildFile section */
		67401250208829A2002FC61B /* AppDelegate.m in Sources */ = {isa = PBXBuildFile; fileRef = 6740124F208829A2002FC61B /* AppDelegate.m */; };
		67401253208829A2002FC61B /* ViewController.m in Sources */ = {isa = PBXBuildFile; fileRef = 67401252208829A2002FC61B /* ViewController.m */; };
		67401256208829A2002FC61B /* Main.storyboard in Resources */ = {isa = PBXBuildFile; fileRef = 67401254208829A2002FC61B /* Main.storyboard */; };
		67401258208829A3002FC61B /* Assets.xcassets in Resources */ = {isa = PBXBuildFile; fileRef = 67401257208829A3002FC61B /* Assets.xcassets */; };
		6740125B208829A3002FC61B /* LaunchScreen.storyboard in Resources */ = {isa = PBXBuildFile; fileRef = 67401259208829A3002FC61B /* LaunchScreen.storyboard */; };
		6740125E208829A3002FC61B /* main.m in Sources */ = {isa = PBXBuildFile; fileRef = 6740125D208829A3002FC61B /* main.m */; };
		6740126820882AE8002FC61B /* ZPDatePicker.m in Sources */ = {isa = PBXBuildFile; fileRef = 6740126720882AE8002FC61B /* ZPDatePicker.m */; };
		6740126B20883841002FC61B /* ZPContailerVC.m in Sources */ = {isa = PBXBuildFile; fileRef = 6740126A20883841002FC61B /* ZPContailerVC.m */; };
		6740127E20885C18002FC61B /* ITBottomAnimation.m in Sources */ = {isa = PBXBuildFile; fileRef = 6740127820885C18002FC61B /* ITBottomAnimation.m */; };
		6740127F20885C18002FC61B /* ITCenterAnimation.m in Sources */ = {isa = PBXBuildFile; fileRef = 6740127A20885C18002FC61B /* ITCenterAnimation.m */; };
		6740128020885C18002FC61B /* ITAnimation.m in Sources */ = {isa = PBXBuildFile; fileRef = 6740127C20885C18002FC61B /* ITAnimation.m */; };
/* End PBXBuildFile section */

/* Begin PBXFileReference section */
		6740124B208829A2002FC61B /* ZPDatePicker.app */ = {isa = PBXFileReference; explicitFileType = wrapper.application; includeInIndex = 0; path = ZPDatePicker.app; sourceTree = BUILT_PRODUCTS_DIR; };
		6740124E208829A2002FC61B /* AppDelegate.h */ = {isa = PBXFileReference; lastKnownFileType = sourcecode.c.h; path = AppDelegate.h; sourceTree = "<group>"; };
		6740124F208829A2002FC61B /* AppDelegate.m */ = {isa = PBXFileReference; lastKnownFileType = sourcecode.c.objc; path = AppDelegate.m; sourceTree = "<group>"; };
		67401251208829A2002FC61B /* ViewController.h */ = {isa = PBXFileReference; lastKnownFileType = sourcecode.c.h; path = ViewController.h; sourceTree = "<group>"; };
		67401252208829A2002FC61B /* ViewController.m */ = {isa = PBXFileReference; lastKnownFileType = sourcecode.c.objc; path = ViewController.m; sourceTree = "<group>"; };
		67401255208829A2002FC61B /* Base */ = {isa = PBXFileReference; lastKnownFileType = file.storyboard; name = Base; path = Base.lproj/Main.storyboard; sourceTree = "<group>"; };
		67401257208829A3002FC61B /* Assets.xcassets */ = {isa = PBXFileReference; lastKnownFileType = folder.assetcatalog; path = Assets.xcassets; sourceTree = "<group>"; };
		6740125A208829A3002FC61B /* Base */ = {isa = PBXFileReference; lastKnownFileType = file.storyboard; name = Base; path = Base.lproj/LaunchScreen.storyboard; sourceTree = "<group>"; };
		6740125C208829A3002FC61B /* Info.plist */ = {isa = PBXFileReference; lastKnownFileType = text.plist.xml; path = Info.plist; sourceTree = "<group>"; };
		6740125D208829A3002FC61B /* main.m */ = {isa = PBXFileReference; lastKnownFileType = sourcecode.c.objc; path = main.m; sourceTree = "<group>"; };
		67401265208829E8002FC61B /* ZPAppdefine.h */ = {isa = PBXFileReference; fileEncoding = 4; lastKnownFileType = sourcecode.c.h; path = ZPAppdefine.h; sourceTree = "<group>"; };
		6740126620882AE8002FC61B /* ZPDatePicker.h */ = {isa = PBXFileReference; lastKnownFileType = sourcecode.c.h; path = ZPDatePicker.h; sourceTree = "<group>"; };
		6740126720882AE8002FC61B /* ZPDatePicker.m */ = {isa = PBXFileReference; lastKnownFileType = sourcecode.c.objc; path = ZPDatePicker.m; sourceTree = "<group>"; };
		6740126920883841002FC61B /* ZPContailerVC.h */ = {isa = PBXFileReference; lastKnownFileType = sourcecode.c.h; path = ZPContailerVC.h; sourceTree = "<group>"; };
		6740126A20883841002FC61B /* ZPContailerVC.m */ = {isa = PBXFileReference; lastKnownFileType = sourcecode.c.objc; path = ZPContailerVC.m; sourceTree = "<group>"; };
		6740127620885BAE002FC61B /* ITContainerControllerProtocol.h */ = {isa = PBXFileReference; fileEncoding = 4; lastKnownFileType = sourcecode.c.h; path = ITContainerControllerProtocol.h; sourceTree = "<group>"; };
		6740127820885C18002FC61B /* ITBottomAnimation.m */ = {isa = PBXFileReference; fileEncoding = 4; lastKnownFileType = sourcecode.c.objc; path = ITBottomAnimation.m; sourceTree = "<group>"; };
		6740127920885C18002FC61B /* ITAnimation.h */ = {isa = PBXFileReference; fileEncoding = 4; lastKnownFileType = sourcecode.c.h; path = ITAnimation.h; sourceTree = "<group>"; };
		6740127A20885C18002FC61B /* ITCenterAnimation.m */ = {isa = PBXFileReference; fileEncoding = 4; lastKnownFileType = sourcecode.c.objc; path = ITCenterAnimation.m; sourceTree = "<group>"; };
		6740127B20885C18002FC61B /* ITBottomAnimation.h */ = {isa = PBXFileReference; fileEncoding = 4; lastKnownFileType = sourcecode.c.h; path = ITBottomAnimation.h; sourceTree = "<group>"; };
		6740127C20885C18002FC61B /* ITAnimation.m */ = {isa = PBXFileReference; fileEncoding = 4; lastKnownFileType = sourcecode.c.objc; path = ITAnimation.m; sourceTree = "<group>"; };
		6740127D20885C18002FC61B /* ITCenterAnimation.h */ = {isa = PBXFileReference; fileEncoding = 4; lastKnownFileType = sourcecode.c.h; path = ITCenterAnimation.h; sourceTree = "<group>"; };
/* End PBXFileReference section */

/* Begin PBXFrameworksBuildPhase section */
		67401248208829A2002FC61B /* Frameworks */ = {
			isa = PBXFrameworksBuildPhase;
			buildActionMask = 2147483647;
			files = (
			);
			runOnlyForDeploymentPostprocessing = 0;
		};
/* End PBXFrameworksBuildPhase section */

/* Begin PBXGroup section */
		67401242208829A2002FC61B = {
			isa = PBXGroup;
			children = (
				6740124D208829A2002FC61B /* ZPDatePicker */,
				6740124C208829A2002FC61B /* Products */,
			);
			sourceTree = "<group>";
		};
		6740124C208829A2002FC61B /* Products */ = {
			isa = PBXGroup;
			children = (
				6740124B208829A2002FC61B /* ZPDatePicker.app */,
			);
			name = Products;
			sourceTree = "<group>";
		};
		6740124D208829A2002FC61B /* ZPDatePicker */ = {
			isa = PBXGroup;
			children = (
				6740124E208829A2002FC61B /* AppDelegate.h */,
				6740124F208829A2002FC61B /* AppDelegate.m */,
				67401251208829A2002FC61B /* ViewController.h */,
				67401252208829A2002FC61B /* ViewController.m */,
				67401264208829C1002FC61B /* ZPDatePicker */,
				67401254208829A2002FC61B /* Main.storyboard */,
				67401257208829A3002FC61B /* Assets.xcassets */,
				67401259208829A3002FC61B /* LaunchScreen.storyboard */,
				6740125C208829A3002FC61B /* Info.plist */,
				6740125D208829A3002FC61B /* main.m */,
			);
			path = ZPDatePicker;
			sourceTree = "<group>";
		};
		67401264208829C1002FC61B /* ZPDatePicker */ = {
			isa = PBXGroup;
			children = (
				67401265208829E8002FC61B /* ZPAppdefine.h */,
				6740126620882AE8002FC61B /* ZPDatePicker.h */,
				6740126720882AE8002FC61B /* ZPDatePicker.m */,
				6740126920883841002FC61B /* ZPContailerVC.h */,
				6740126A20883841002FC61B /* ZPContailerVC.m */,
				6740127620885BAE002FC61B /* ITContainerControllerProtocol.h */,
				6740127720885C18002FC61B /* Model */,
			);
			path = ZPDatePicker;
			sourceTree = "<group>";
		};
		6740127720885C18002FC61B /* Model */ = {
			isa = PBXGroup;
			children = (
				6740127920885C18002FC61B /* ITAnimation.h */,
				6740127C20885C18002FC61B /* ITAnimation.m */,
				6740127B20885C18002FC61B /* ITBottomAnimation.h */,
				6740127820885C18002FC61B /* ITBottomAnimation.m */,
				6740127D20885C18002FC61B /* ITCenterAnimation.h */,
				6740127A20885C18002FC61B /* ITCenterAnimation.m */,
			);
			path = Model;
			sourceTree = "<group>";
		};
/* End PBXGroup section */

/* Begin PBXNativeTarget section */
		6740124A208829A2002FC61B /* ZPDatePicker */ = {
			isa = PBXNativeTarget;
			buildConfigurationList = 67401261208829A3002FC61B /* Build configuration list for PBXNativeTarget "ZPDatePicker" */;
			buildPhases = (
				67401247208829A2002FC61B /* Sources */,
				67401248208829A2002FC61B /* Frameworks */,
				67401249208829A2002FC61B /* Resources */,
			);
			buildRules = (
			);
			dependencies = (
			);
			name = ZPDatePicker;
			productName = ZPDatePicker;
			productReference = 6740124B208829A2002FC61B /* ZPDatePicker.app */;
			productType = "com.apple.product-type.application";
		};
/* End PBXNativeTarget section */

/* Begin PBXProject section */
		67401243208829A2002FC61B /* Project object */ = {
			isa = PBXProject;
			attributes = {
				LastUpgradeCheck = 0930;
				ORGANIZATIONNAME = "曲正平";
				TargetAttributes = {
					6740124A208829A2002FC61B = {
						CreatedOnToolsVersion = 9.3;
					};
				};
			};
			buildConfigurationList = 67401246208829A2002FC61B /* Build configuration list for PBXProject "ZPDatePicker" */;
			compatibilityVersion = "Xcode 9.3";
			developmentRegion = en;
			hasScannedForEncodings = 0;
			knownRegions = (
				en,
				Base,
			);
			mainGroup = 67401242208829A2002FC61B;
			productRefGroup = 6740124C208829A2002FC61B /* Products */;
			projectDirPath = "";
			projectRoot = "";
			targets = (
				6740124A208829A2002FC61B /* ZPDatePicker */,
			);
		};
/* End PBXProject section */

/* Begin PBXResourcesBuildPhase section */
		67401249208829A2002FC61B /* Resources */ = {
			isa = PBXResourcesBuildPhase;
			buildActionMask = 2147483647;
			files = (
				6740125B208829A3002FC61B /* LaunchScreen.storyboard in Resources */,
				67401258208829A3002FC61B /* Assets.xcassets in Resources */,
				67401256208829A2002FC61B /* Main.storyboard in Resources */,
			);
			runOnlyForDeploymentPostprocessing = 0;
		};
/* End PBXResourcesBuildPhase section */

/* Begin PBXSourcesBuildPhase section */
		67401247208829A2002FC61B /* Sources */ = {
			isa = PBXSourcesBuildPhase;
			buildActionMask = 2147483647;
			files = (
				67401253208829A2002FC61B /* ViewController.m in Sources */,
				6740126B20883841002FC61B /* ZPContailerVC.m in Sources */,
				6740127E20885C18002FC61B /* ITBottomAnimation.m in Sources */,
				6740125E208829A3002FC61B /* main.m in Sources */,
				67401250208829A2002FC61B /* AppDelegate.m in Sources */,
				6740128020885C18002FC61B /* ITAnimation.m in Sources */,
				6740127F20885C18002FC61B /* ITCenterAnimation.m in Sources */,
				6740126820882AE8002FC61B /* ZPDatePicker.m in Sources */,
			);
			runOnlyForDeploymentPostprocessing = 0;
		};
/* End PBXSourcesBuildPhase section */

/* Begin PBXVariantGroup section */
		67401254208829A2002FC61B /* Main.storyboard */ = {
			isa = PBXVariantGroup;
			children = (
				67401255208829A2002FC61B /* Base */,
			);
			name = Main.storyboard;
			sourceTree = "<group>";
		};
		67401259208829A3002FC61B /* LaunchScreen.storyboard */ = {
			isa = PBXVariantGroup;
			children = (
				6740125A208829A3002FC61B /* Base */,
			);
			name = LaunchScreen.storyboard;
			sourceTree = "<group>";
		};
/* End PBXVariantGroup section */

/* Begin XCBuildConfiguration section */
		6740125F208829A3002FC61B /* Debug */ = {
			isa = XCBuildConfiguration;
			buildSettings = {
				ALWAYS_SEARCH_USER_PATHS = NO;
				CLANG_ANALYZER_NONNULL = YES;
				CLANG_ANALYZER_NUMBER_OBJECT_CONVERSION = YES_AGGRESSIVE;
				CLANG_CXX_LANGUAGE_STANDARD = "gnu++14";
				CLANG_CXX_LIBRARY = "libc++";
				CLANG_ENABLE_MODULES = YES;
				CLANG_ENABLE_OBJC_ARC = YES;
				CLANG_ENABLE_OBJC_WEAK = YES;
				CLANG_WARN_BLOCK_CAPTURE_AUTORELEASING = YES;
				CLANG_WARN_BOOL_CONVERSION = YES;
				CLANG_WARN_COMMA = YES;
				CLANG_WARN_CONSTANT_CONVERSION = YES;
				CLANG_WARN_DEPRECATED_OBJC_IMPLEMENTATIONS = YES;
				CLANG_WARN_DIRECT_OBJC_ISA_USAGE = YES_ERROR;
				CLANG_WARN_DOCUMENTATION_COMMENTS = YES;
				CLANG_WARN_EMPTY_BODY = YES;
				CLANG_WARN_ENUM_CONVERSION = YES;
				CLANG_WARN_INFINITE_RECURSION = YES;
				CLANG_WARN_INT_CONVERSION = YES;
				CLANG_WARN_NON_LITERAL_NULL_CONVERSION = YES;
				CLANG_WARN_OBJC_IMPLICIT_RETAIN_SELF = YES;
				CLANG_WARN_OBJC_LITERAL_CONVERSION = YES;
				CLANG_WARN_OBJC_ROOT_CLASS = YES_ERROR;
				CLANG_WARN_RANGE_LOOP_ANALYSIS = YES;
				CLANG_WARN_STRICT_PROTOTYPES = YES;
				CLANG_WARN_SUSPICIOUS_MOVE = YES;
				CLANG_WARN_UNGUARDED_AVAILABILITY = YES_AGGRESSIVE;
				CLANG_WARN_UNREACHABLE_CODE = YES;
				CLANG_WARN__DUPLICATE_METHOD_MATCH = YES;
				CODE_SIGN_IDENTITY = "iPhone Developer";
				COPY_PHASE_STRIP = NO;
				DEBUG_INFORMATION_FORMAT = dwarf;
				ENABLE_STRICT_OBJC_MSGSEND = YES;
				ENABLE_TESTABILITY = YES;
				GCC_C_LANGUAGE_STANDARD = gnu11;
				GCC_DYNAMIC_NO_PIC = NO;
				GCC_NO_COMMON_BLOCKS = YES;
				GCC_OPTIMIZATION_LEVEL = 0;
				GCC_PREPROCESSOR_DEFINITIONS = (
					"DEBUG=1",
					"$(inherited)",
				);
				GCC_WARN_64_TO_32_BIT_CONVERSION = YES;
				GCC_WARN_ABOUT_RETURN_TYPE = YES_ERROR;
				GCC_WARN_UNDECLARED_SELECTOR = YES;
				GCC_WARN_UNINITIALIZED_AUTOS = YES_AGGRESSIVE;
				GCC_WARN_UNUSED_FUNCTION = YES;
				GCC_WARN_UNUSED_VARIABLE = YES;
				IPHONEOS_DEPLOYMENT_TARGET = 11.3;
				MTL_ENABLE_DEBUG_INFO = YES;
				ONLY_ACTIVE_ARCH = YES;
				SDKROOT = iphoneos;
			};
			name = Debug;
		};
		67401260208829A3002FC61B /* Release */ = {
			isa = XCBuildConfiguration;
			buildSettings = {
				ALWAYS_SEARCH_USER_PATHS = NO;
				CLANG_ANALYZER_NONNULL = YES;
				CLANG_ANALYZER_NUMBER_OBJECT_CONVERSION = YES_AGGRESSIVE;
				CLANG_CXX_LANGUAGE_STANDARD = "gnu++14";
				CLANG_CXX_LIBRARY = "libc++";
				CLANG_ENABLE_MODULES = YES;
				CLANG_ENABLE_OBJC_ARC = YES;
				CLANG_ENABLE_OBJC_WEAK = YES;
				CLANG_WARN_BLOCK_CAPTURE_AUTORELEASING = YES;
				CLANG_WARN_BOOL_CONVERSION = YES;
				CLANG_WARN_COMMA = YES;
				CLANG_WARN_CONSTANT_CONVERSION = YES;
				CLANG_WARN_DEPRECATED_OBJC_IMPLEMENTATIONS = YES;
				CLANG_WARN_DIRECT_OBJC_ISA_USAGE = YES_ERROR;
				CLANG_WARN_DOCUMENTATION_COMMENTS = YES;
				CLANG_WARN_EMPTY_BODY = YES;
				CLANG_WARN_ENUM_CONVERSION = YES;
				CLANG_WARN_INFINITE_RECURSION = YES;
				CLANG_WARN_INT_CONVERSION = YES;
				CLANG_WARN_NON_LITERAL_NULL_CONVERSION = YES;
				CLANG_WARN_OBJC_IMPLICIT_RETAIN_SELF = YES;
				CLANG_WARN_OBJC_LITERAL_CONVERSION = YES;
				CLANG_WARN_OBJC_ROOT_CLASS = YES_ERROR;
				CLANG_WARN_RANGE_LOOP_ANALYSIS = YES;
				CLANG_WARN_STRICT_PROTOTYPES = YES;
				CLANG_WARN_SUSPICIOUS_MOVE = YES;
				CLANG_WARN_UNGUARDED_AVAILABILITY = YES_AGGRESSIVE;
				CLANG_WARN_UNREACHABLE_CODE = YES;
				CLANG_WARN__DUPLICATE_METHOD_MATCH = YES;
				CODE_SIGN_IDENTITY = "iPhone Developer";
				COPY_PHASE_STRIP = NO;
				DEBUG_INFORMATION_FORMAT = "dwarf-with-dsym";
				ENABLE_NS_ASSERTIONS = NO;
				ENABLE_STRICT_OBJC_MSGSEND = YES;
				GCC_C_LANGUAGE_STANDARD = gnu11;
				GCC_NO_COMMON_BLOCKS = YES;
				GCC_WARN_64_TO_32_BIT_CONVERSION = YES;
				GCC_WARN_ABOUT_RETURN_TYPE = YES_ERROR;
				GCC_WARN_UNDECLARED_SELECTOR = YES;
				GCC_WARN_UNINITIALIZED_AUTOS = YES_AGGRESSIVE;
				GCC_WARN_UNUSED_FUNCTION = YES;
				GCC_WARN_UNUSED_VARIABLE = YES;
				IPHONEOS_DEPLOYMENT_TARGET = 11.3;
				MTL_ENABLE_DEBUG_INFO = NO;
				SDKROOT = iphoneos;
				VALIDATE_PRODUCT = YES;
			};
			name = Release;
		};
		67401262208829A3002FC61B /* Debug */ = {
			isa = XCBuildConfiguration;
			buildSettings = {
				ASSETCATALOG_COMPILER_APPICON_NAME = AppIcon;
				CODE_SIGN_STYLE = Automatic;
				DEVELOPMENT_TEAM = CE3L359PW4;
				INFOPLIST_FILE = ZPDatePicker/Info.plist;
				LD_RUNPATH_SEARCH_PATHS = (
					"$(inherited)",
					"@executable_path/Frameworks",
				);
				PRODUCT_BUNDLE_IDENTIFIER = com.carloan.iphone.ZPDatePicker;
				PRODUCT_NAME = "$(TARGET_NAME)";
				TARGETED_DEVICE_FAMILY = "1,2";
			};
			name = Debug;
		};
		67401263208829A3002FC61B /* Release */ = {
			isa = XCBuildConfiguration;
			buildSettings = {
				ASSETCATALOG_COMPILER_APPICON_NAME = AppIcon;
				CODE_SIGN_STYLE = Automatic;
				DEVELOPMENT_TEAM = CE3L359PW4;
				INFOPLIST_FILE = ZPDatePicker/Info.plist;
				LD_RUNPATH_SEARCH_PATHS = (
					"$(inherited)",
					"@executable_path/Frameworks",
				);
				PRODUCT_BUNDLE_IDENTIFIER = com.carloan.iphone.ZPDatePicker;
				PRODUCT_NAME = "$(TARGET_NAME)";
				TARGETED_DEVICE_FAMILY = "1,2";
			};
			name = Release;
		};
/* End XCBuildConfiguration section */

/* Begin XCConfigurationList section */
		67401246208829A2002FC61B /* Build configuration list for PBXProject "ZPDatePicker" */ = {
			isa = XCConfigurationList;
			buildConfigurations = (
				6740125F208829A3002FC61B /* Debug */,
				67401260208829A3002FC61B /* Release */,
			);
			defaultConfigurationIsVisible = 0;
			defaultConfigurationName = Release;
		};
		67401261208829A3002FC61B /* Build configuration list for PBXNativeTarget "ZPDatePicker" */ = {
			isa = XCConfigurationList;
			buildConfigurations = (
				67401262208829A3002FC61B /* Debug */,
				67401263208829A3002FC61B /* Release */,
			);
			defaultConfigurationIsVisible = 0;
			defaultConfigurationName = Release;
		};
/* End XCConfigurationList section */
	};
	rootObject = 67401243208829A2002FC61B /* Project object */;
}
